
Microsoft Visual Studio Solution File, Format Version 12.00
# Visual Studio Version 17
VisualStudioVersion = 17.6.33815.320
MinimumVisualStudioVersion = 10.0.40219.1
Project("{FAE04EC0-301F-11D3-BF4B-00C04F79EFBC}") = "AnagrammTest", "AnagrammTest\AnagrammTest.csproj", "{CD6B5886-A377-412D-8EFA-D254D6B775D6}"
EndProject
Project("{FAE04EC0-301F-11D3-BF4B-00C04F79EFBC}") = "AnagrammTest.Test", "AnagrammTest.Test\AnagrammTest.Test.csproj", "{36311958-0A97-42FD-B4BD-ECAFC5E52661}"
EndProject
Global
	GlobalSection(SolutionConfigurationPlatforms) = preSolution
		Debug|Any CPU = Debug|Any CPU
		Release|Any CPU = Release|Any CPU
	EndGlobalSection
	GlobalSection(ProjectConfigurationPlatforms) = postSolution
		{CD6B5886-A377-412D-8EFA-D254D6B775D6}.Debug|Any CPU.ActiveCfg = Debug|Any CPU
		{CD6B5886-A377-412D-8EFA-D254D6B775D6}.Debug|Any CPU.Build.0 = Debug|Any CPU
		{CD6B5886-A377-412D-8EFA-D254D6B775D6}.Release|Any CPU.ActiveCfg = Release|Any CPU
		{CD6B5886-A377-412D-8EFA-D254D6B775D6}.Release|Any CPU.Build.0 = Release|Any CPU
		{36311958-0A97-42FD-B4BD-ECAFC5E52661}.Debug|Any CPU.ActiveCfg = Debug|Any CPU
		{36311958-0A97-42FD-B4BD-ECAFC5E52661}.Debug|Any CPU.Build.0 = Debug|Any CPU
		{36311958-0A97-42FD-B4BD-ECAFC5E52661}.Release|Any CPU.ActiveCfg = Release|Any CPU
		{36311958-0A97-42FD-B4BD-ECAFC5E52661}.Release|Any CPU.Build.0 = Release|Any CPU
	EndGlobalSection
	GlobalSection(SolutionProperties) = preSolution
		HideSolutionNode = FALSE
	EndGlobalSection
	GlobalSection(ExtensibilityGlobals) = postSolution
		SolutionGuid = {672D65F2-D0BF-4C13-8D4A-E4CAF26E6B42}
	EndGlobalSection
EndGlobal
